
Microsoft Visual Studio Solution File, Format Version 12.00
# Visual Studio Version 16
VisualStudioVersion = 16.0.31605.320
MinimumVisualStudioVersion = 10.0.40219.1
Project("{2150E333-8FDC-42A3-9474-1A3956D46DE8}") = "ApiGateway", "ApiGateway", "{4B4A9FA6-D5E8-4D11-8292-FC926426E922}"
EndProject
Project("{2150E333-8FDC-42A3-9474-1A3956D46DE8}") = "src", "src", "{D19BB1BB-F4FE-4CDA-B77B-A2611CF4356B}"
EndProject
Project("{2150E333-8FDC-42A3-9474-1A3956D46DE8}") = "tests", "tests", "{ED49FAD0-151C-4E11-A467-A764EE5D2B8C}"
EndProject
Project("{FAE04EC0-301F-11D3-BF4B-00C04F79EFBC}") = "SecuredAPI.ApiGateway.Api.Tests", "ApiGateway\tests\SecuredAPI.ApiGateway.Api.Tests\SecuredAPI.ApiGateway.Api.Tests.csproj", "{1DD0685B-8132-4823-B0F2-585843BE255A}"
EndProject
Project("{9A19103F-16F7-4668-BE54-9A1E7A4F7556}") = "SecuredAPI.ApiGateway.Api", "ApiGateway\src\SecuredAPI.ApiGateway.Api\SecuredAPI.ApiGateway.Api.csproj", "{1C86777B-F96E-4A9A-A17D-F11D7302EA12}"
EndProject
Project("{2150E333-8FDC-42A3-9474-1A3956D46DE8}") = "Common", "Common", "{7893D908-73AF-4E56-8EDC-D4C8FD71EA51}"
EndProject
Project("{2150E333-8FDC-42A3-9474-1A3956D46DE8}") = "src", "src", "{3BD46143-556E-4BB3-8760-C901FCF8061D}"
EndProject
Project("{2150E333-8FDC-42A3-9474-1A3956D46DE8}") = "tests", "tests", "{557B9BC0-50FE-4314-9EB8-24F779E0F9AB}"
EndProject
Project("{FAE04EC0-301F-11D3-BF4B-00C04F79EFBC}") = "SecuredAPI.SharedKernel", "Common\src\SecuredAPI.SharedKernel\SecuredAPI.SharedKernel.csproj", "{6897474C-9EC2-4D1B-903C-B84201D7CE9E}"
EndProject
Project("{FAE04EC0-301F-11D3-BF4B-00C04F79EFBC}") = "SecuredAPI.SharedKernel.Tests", "Common\tests\SecuredAPI.SharedKernel.Tests\SecuredAPI.SharedKernel.Tests.csproj", "{8F8A0949-84FB-46BC-8D65-8283E586DAA6}"
EndProject
Project("{2150E333-8FDC-42A3-9474-1A3956D46DE8}") = "CoreApp", "CoreApp", "{0BBACF60-31AD-4C47-935D-B35F64AA9028}"
EndProject
Project("{2150E333-8FDC-42A3-9474-1A3956D46DE8}") = "data", "data", "{E4E92DCB-E1B4-4EB8-B247-9D3B754D3E19}"
EndProject
Project("{2150E333-8FDC-42A3-9474-1A3956D46DE8}") = "src", "src", "{011D3B0E-A28F-4B90-91B4-012F469F7BEF}"
EndProject
Project("{2150E333-8FDC-42A3-9474-1A3956D46DE8}") = "tests", "tests", "{DE7E2E2C-886F-42B1-92B7-E73CD0D324F1}"
EndProject
Project("{00D1A9C2-B5F0-4AF3-8072-F6C62B433612}") = "SecuredAPI.Database", "CoreApp\data\SecuredAPI.Database\SecuredAPI.Database.sqlproj", "{F99882FE-A172-4316-AEF7-5B8EE04ADDA5}"
EndProject
Project("{FAE04EC0-301F-11D3-BF4B-00C04F79EFBC}") = "SecuredAPI.CoreApp.Api", "CoreApp\src\SecuredAPI.CoreApp.Api\SecuredAPI.CoreApp.Api.csproj", "{39FF2390-0B12-4816-AD43-EFAD06616A00}"
EndProject
Project("{FAE04EC0-301F-11D3-BF4B-00C04F79EFBC}") = "SecuredAPI.CoreApp.Api.Tests", "CoreApp\tests\SecuredAPI.CoreApp.Api.Tests\SecuredAPI.CoreApp.Api.Tests.csproj", "{A426C867-F613-40A0-8BD4-086AF4A2BA19}"
EndProject
Project("{FAE04EC0-301F-11D3-BF4B-00C04F79EFBC}") = "SecuredAPI.CoreApp.Domain", "CoreApp\src\SecuredAPI.CoreApp.Domain\SecuredAPI.CoreApp.Domain.csproj", "{767169F7-3A4C-4FD7-8761-85B7D44298D8}"
EndProject
Project("{FAE04EC0-301F-11D3-BF4B-00C04F79EFBC}") = "SecuredAPI.CoreApp.Domain.Tests", "CoreApp\tests\SecuredAPI.CoreApp.Domain.Tests\SecuredAPI.CoreApp.Domain.Tests.csproj", "{C47EA7B5-007C-4A27-9ED2-7A998618C376}"
EndProject
Project("{FAE04EC0-301F-11D3-BF4B-00C04F79EFBC}") = "SecuredAPI.CoreApp.Infrastructure", "CoreApp\src\SecuredAPI.CoreApp.Infrastructure\SecuredAPI.CoreApp.Infrastructure.csproj", "{60A9DB12-B75F-43C1-BD5D-68EB7D6210DC}"
EndProject
Project("{FAE04EC0-301F-11D3-BF4B-00C04F79EFBC}") = "SecuredAPI.CoreApp.Infrastructure.Tests", "CoreApp\tests\SecuredAPI.CoreApp.Infrastructure.Tests\SecuredAPI.CoreApp.Infrastructure.Tests.csproj", "{CEC5FD8C-AB97-44D6-BA1D-C1343AC001C8}"
EndProject
Project("{2150E333-8FDC-42A3-9474-1A3956D46DE8}") = "Identity", "Identity", "{1269DCA3-519B-433B-A21E-0E3BC88492F8}"
EndProject
Project("{2150E333-8FDC-42A3-9474-1A3956D46DE8}") = "src", "src", "{214C78C7-B9B1-4264-8532-7FBE02EE641B}"
EndProject
Project("{2150E333-8FDC-42A3-9474-1A3956D46DE8}") = "tests", "tests", "{A735B225-ED8A-433D-8809-5DE106165CE7}"
EndProject
Project("{FAE04EC0-301F-11D3-BF4B-00C04F79EFBC}") = "SecuredAPI.Identity", "Identity\src\SecuredAPI.Identity\SecuredAPI.Identity.csproj", "{D1FBE619-0A14-458D-BCD0-1948EDF2483D}"
EndProject
Project("{FAE04EC0-301F-11D3-BF4B-00C04F79EFBC}") = "SecuredAPI.Identity.Tests", "Identity\tests\SecuredAPI.Identity.Tests\SecuredAPI.Identity.Tests.csproj", "{BEDADA26-F561-49F9-BB0B-5B30183896C2}"
EndProject
Project("{FAE04EC0-301F-11D3-BF4B-00C04F79EFBC}") = "SecuredAPI.Configuration", "Common\src\SecuredAPI.Configuration\SecuredAPI.Configuration.csproj", "{65F6F4DA-B86E-4C7A-A2D0-1D9B84AC4668}"
EndProject
Project("{FAE04EC0-301F-11D3-BF4B-00C04F79EFBC}") = "SecuredAPI.Configuration.Tests", "Common\tests\SecuredAPI.Configuration.Tests\SecuredAPI.Configuration.Tests.csproj", "{6C0C8D83-810B-43A9-B1EF-339CB2BEDF54}"
EndProject
Global
	GlobalSection(SolutionConfigurationPlatforms) = preSolution
		Debug|Any CPU = Debug|Any CPU
		Release|Any CPU = Release|Any CPU
	EndGlobalSection
	GlobalSection(ProjectConfigurationPlatforms) = postSolution
		{1DD0685B-8132-4823-B0F2-585843BE255A}.Debug|Any CPU.ActiveCfg = Debug|Any CPU
		{1DD0685B-8132-4823-B0F2-585843BE255A}.Debug|Any CPU.Build.0 = Debug|Any CPU
		{1DD0685B-8132-4823-B0F2-585843BE255A}.Release|Any CPU.ActiveCfg = Release|Any CPU
		{1DD0685B-8132-4823-B0F2-585843BE255A}.Release|Any CPU.Build.0 = Release|Any CPU
		{1C86777B-F96E-4A9A-A17D-F11D7302EA12}.Debug|Any CPU.ActiveCfg = Debug|Any CPU
		{1C86777B-F96E-4A9A-A17D-F11D7302EA12}.Debug|Any CPU.Build.0 = Debug|Any CPU
		{1C86777B-F96E-4A9A-A17D-F11D7302EA12}.Release|Any CPU.ActiveCfg = Release|Any CPU
		{1C86777B-F96E-4A9A-A17D-F11D7302EA12}.Release|Any CPU.Build.0 = Release|Any CPU
		{6897474C-9EC2-4D1B-903C-B84201D7CE9E}.Debug|Any CPU.ActiveCfg = Debug|Any CPU
		{6897474C-9EC2-4D1B-903C-B84201D7CE9E}.Debug|Any CPU.Build.0 = Debug|Any CPU
		{6897474C-9EC2-4D1B-903C-B84201D7CE9E}.Release|Any CPU.ActiveCfg = Release|Any CPU
		{6897474C-9EC2-4D1B-903C-B84201D7CE9E}.Release|Any CPU.Build.0 = Release|Any CPU
		{8F8A0949-84FB-46BC-8D65-8283E586DAA6}.Debug|Any CPU.ActiveCfg = Debug|Any CPU
		{8F8A0949-84FB-46BC-8D65-8283E586DAA6}.Debug|Any CPU.Build.0 = Debug|Any CPU
		{8F8A0949-84FB-46BC-8D65-8283E586DAA6}.Release|Any CPU.ActiveCfg = Release|Any CPU
		{8F8A0949-84FB-46BC-8D65-8283E586DAA6}.Release|Any CPU.Build.0 = Release|Any CPU
		{F99882FE-A172-4316-AEF7-5B8EE04ADDA5}.Debug|Any CPU.ActiveCfg = Debug|Any CPU
		{F99882FE-A172-4316-AEF7-5B8EE04ADDA5}.Debug|Any CPU.Build.0 = Debug|Any CPU
		{F99882FE-A172-4316-AEF7-5B8EE04ADDA5}.Debug|Any CPU.Deploy.0 = Debug|Any CPU
		{F99882FE-A172-4316-AEF7-5B8EE04ADDA5}.Release|Any CPU.ActiveCfg = Release|Any CPU
		{F99882FE-A172-4316-AEF7-5B8EE04ADDA5}.Release|Any CPU.Build.0 = Release|Any CPU
		{F99882FE-A172-4316-AEF7-5B8EE04ADDA5}.Release|Any CPU.Deploy.0 = Release|Any CPU
		{39FF2390-0B12-4816-AD43-EFAD06616A00}.Debug|Any CPU.ActiveCfg = Debug|Any CPU
		{39FF2390-0B12-4816-AD43-EFAD06616A00}.Debug|Any CPU.Build.0 = Debug|Any CPU
		{39FF2390-0B12-4816-AD43-EFAD06616A00}.Release|Any CPU.ActiveCfg = Release|Any CPU
		{39FF2390-0B12-4816-AD43-EFAD06616A00}.Release|Any CPU.Build.0 = Release|Any CPU
		{A426C867-F613-40A0-8BD4-086AF4A2BA19}.Debug|Any CPU.ActiveCfg = Debug|Any CPU
		{A426C867-F613-40A0-8BD4-086AF4A2BA19}.Debug|Any CPU.Build.0 = Debug|Any CPU
		{A426C867-F613-40A0-8BD4-086AF4A2BA19}.Release|Any CPU.ActiveCfg = Release|Any CPU
		{A426C867-F613-40A0-8BD4-086AF4A2BA19}.Release|Any CPU.Build.0 = Release|Any CPU
		{767169F7-3A4C-4FD7-8761-85B7D44298D8}.Debug|Any CPU.ActiveCfg = Debug|Any CPU
		{767169F7-3A4C-4FD7-8761-85B7D44298D8}.Debug|Any CPU.Build.0 = Debug|Any CPU
		{767169F7-3A4C-4FD7-8761-85B7D44298D8}.Release|Any CPU.ActiveCfg = Release|Any CPU
		{767169F7-3A4C-4FD7-8761-85B7D44298D8}.Release|Any CPU.Build.0 = Release|Any CPU
		{C47EA7B5-007C-4A27-9ED2-7A998618C376}.Debug|Any CPU.ActiveCfg = Debug|Any CPU
		{C47EA7B5-007C-4A27-9ED2-7A998618C376}.Debug|Any CPU.Build.0 = Debug|Any CPU
		{C47EA7B5-007C-4A27-9ED2-7A998618C376}.Release|Any CPU.ActiveCfg = Release|Any CPU
		{C47EA7B5-007C-4A27-9ED2-7A998618C376}.Release|Any CPU.Build.0 = Release|Any CPU
		{60A9DB12-B75F-43C1-BD5D-68EB7D6210DC}.Debug|Any CPU.ActiveCfg = Debug|Any CPU
		{60A9DB12-B75F-43C1-BD5D-68EB7D6210DC}.Debug|Any CPU.Build.0 = Debug|Any CPU
		{60A9DB12-B75F-43C1-BD5D-68EB7D6210DC}.Release|Any CPU.ActiveCfg = Release|Any CPU
		{60A9DB12-B75F-43C1-BD5D-68EB7D6210DC}.Release|Any CPU.Build.0 = Release|Any CPU
		{CEC5FD8C-AB97-44D6-BA1D-C1343AC001C8}.Debug|Any CPU.ActiveCfg = Debug|Any CPU
		{CEC5FD8C-AB97-44D6-BA1D-C1343AC001C8}.Debug|Any CPU.Build.0 = Debug|Any CPU
		{CEC5FD8C-AB97-44D6-BA1D-C1343AC001C8}.Release|Any CPU.ActiveCfg = Release|Any CPU
		{CEC5FD8C-AB97-44D6-BA1D-C1343AC001C8}.Release|Any CPU.Build.0 = Release|Any CPU
		{D1FBE619-0A14-458D-BCD0-1948EDF2483D}.Debug|Any CPU.ActiveCfg = Debug|Any CPU
		{D1FBE619-0A14-458D-BCD0-1948EDF2483D}.Debug|Any CPU.Build.0 = Debug|Any CPU
		{D1FBE619-0A14-458D-BCD0-1948EDF2483D}.Release|Any CPU.ActiveCfg = Release|Any CPU
		{D1FBE619-0A14-458D-BCD0-1948EDF2483D}.Release|Any CPU.Build.0 = Release|Any CPU
		{BEDADA26-F561-49F9-BB0B-5B30183896C2}.Debug|Any CPU.ActiveCfg = Debug|Any CPU
		{BEDADA26-F561-49F9-BB0B-5B30183896C2}.Debug|Any CPU.Build.0 = Debug|Any CPU
		{BEDADA26-F561-49F9-BB0B-5B30183896C2}.Release|Any CPU.ActiveCfg = Release|Any CPU
		{BEDADA26-F561-49F9-BB0B-5B30183896C2}.Release|Any CPU.Build.0 = Release|Any CPU
		{65F6F4DA-B86E-4C7A-A2D0-1D9B84AC4668}.Debug|Any CPU.ActiveCfg = Debug|Any CPU
		{65F6F4DA-B86E-4C7A-A2D0-1D9B84AC4668}.Debug|Any CPU.Build.0 = Debug|Any CPU
		{65F6F4DA-B86E-4C7A-A2D0-1D9B84AC4668}.Release|Any CPU.ActiveCfg = Release|Any CPU
		{65F6F4DA-B86E-4C7A-A2D0-1D9B84AC4668}.Release|Any CPU.Build.0 = Release|Any CPU
		{6C0C8D83-810B-43A9-B1EF-339CB2BEDF54}.Debug|Any CPU.ActiveCfg = Debug|Any CPU
		{6C0C8D83-810B-43A9-B1EF-339CB2BEDF54}.Debug|Any CPU.Build.0 = Debug|Any CPU
		{6C0C8D83-810B-43A9-B1EF-339CB2BEDF54}.Release|Any CPU.ActiveCfg = Release|Any CPU
		{6C0C8D83-810B-43A9-B1EF-339CB2BEDF54}.Release|Any CPU.Build.0 = Release|Any CPU
	EndGlobalSection
	GlobalSection(SolutionProperties) = preSolution
		HideSolutionNode = FALSE
	EndGlobalSection
	GlobalSection(NestedProjects) = preSolution
		{D19BB1BB-F4FE-4CDA-B77B-A2611CF4356B} = {4B4A9FA6-D5E8-4D11-8292-FC926426E922}
		{ED49FAD0-151C-4E11-A467-A764EE5D2B8C} = {4B4A9FA6-D5E8-4D11-8292-FC926426E922}
		{1DD0685B-8132-4823-B0F2-585843BE255A} = {ED49FAD0-151C-4E11-A467-A764EE5D2B8C}
		{1C86777B-F96E-4A9A-A17D-F11D7302EA12} = {D19BB1BB-F4FE-4CDA-B77B-A2611CF4356B}
		{3BD46143-556E-4BB3-8760-C901FCF8061D} = {7893D908-73AF-4E56-8EDC-D4C8FD71EA51}
		{557B9BC0-50FE-4314-9EB8-24F779E0F9AB} = {7893D908-73AF-4E56-8EDC-D4C8FD71EA51}
		{6897474C-9EC2-4D1B-903C-B84201D7CE9E} = {3BD46143-556E-4BB3-8760-C901FCF8061D}
		{8F8A0949-84FB-46BC-8D65-8283E586DAA6} = {557B9BC0-50FE-4314-9EB8-24F779E0F9AB}
		{E4E92DCB-E1B4-4EB8-B247-9D3B754D3E19} = {0BBACF60-31AD-4C47-935D-B35F64AA9028}
		{011D3B0E-A28F-4B90-91B4-012F469F7BEF} = {0BBACF60-31AD-4C47-935D-B35F64AA9028}
		{DE7E2E2C-886F-42B1-92B7-E73CD0D324F1} = {0BBACF60-31AD-4C47-935D-B35F64AA9028}
		{F99882FE-A172-4316-AEF7-5B8EE04ADDA5} = {E4E92DCB-E1B4-4EB8-B247-9D3B754D3E19}
		{39FF2390-0B12-4816-AD43-EFAD06616A00} = {011D3B0E-A28F-4B90-91B4-012F469F7BEF}
		{A426C867-F613-40A0-8BD4-086AF4A2BA19} = {DE7E2E2C-886F-42B1-92B7-E73CD0D324F1}
		{767169F7-3A4C-4FD7-8761-85B7D44298D8} = {011D3B0E-A28F-4B90-91B4-012F469F7BEF}
		{C47EA7B5-007C-4A27-9ED2-7A998618C376} = {DE7E2E2C-886F-42B1-92B7-E73CD0D324F1}
		{60A9DB12-B75F-43C1-BD5D-68EB7D6210DC} = {011D3B0E-A28F-4B90-91B4-012F469F7BEF}
		{CEC5FD8C-AB97-44D6-BA1D-C1343AC001C8} = {DE7E2E2C-886F-42B1-92B7-E73CD0D324F1}
		{214C78C7-B9B1-4264-8532-7FBE02EE641B} = {1269DCA3-519B-433B-A21E-0E3BC88492F8}
		{A735B225-ED8A-433D-8809-5DE106165CE7} = {1269DCA3-519B-433B-A21E-0E3BC88492F8}
		{D1FBE619-0A14-458D-BCD0-1948EDF2483D} = {214C78C7-B9B1-4264-8532-7FBE02EE641B}
		{BEDADA26-F561-49F9-BB0B-5B30183896C2} = {A735B225-ED8A-433D-8809-5DE106165CE7}
		{65F6F4DA-B86E-4C7A-A2D0-1D9B84AC4668} = {3BD46143-556E-4BB3-8760-C901FCF8061D}
		{6C0C8D83-810B-43A9-B1EF-339CB2BEDF54} = {557B9BC0-50FE-4314-9EB8-24F779E0F9AB}
	EndGlobalSection
	GlobalSection(ExtensibilityGlobals) = postSolution
		SolutionGuid = {B591C99B-B398-44C7-9A3B-68EC2E737229}
	EndGlobalSection
EndGlobal
